// !$*UTF8*$!
{
	archiveVersion = 1;
	classes = {
	};
	objectVersion = 50;
	objects = {

/* Begin PBXBuildFile section */
		3572D5F4256BF9EC00A1D9ED /* AppDelegate.swift in Sources */ = {isa = PBXBuildFile; fileRef = 3572D5F3256BF9EC00A1D9ED /* AppDelegate.swift */; };
		3572D5F6256BF9EC00A1D9ED /* SceneDelegate.swift in Sources */ = {isa = PBXBuildFile; fileRef = 3572D5F5256BF9EC00A1D9ED /* SceneDelegate.swift */; };
		3572D5F8256BF9EC00A1D9ED /* ViewController.swift in Sources */ = {isa = PBXBuildFile; fileRef = 3572D5F7256BF9EC00A1D9ED /* ViewController.swift */; };
		3572D5FB256BF9EC00A1D9ED /* Main.storyboard in Resources */ = {isa = PBXBuildFile; fileRef = 3572D5F9256BF9EC00A1D9ED /* Main.storyboard */; };
		3572D5FD256BF9EE00A1D9ED /* Assets.xcassets in Resources */ = {isa = PBXBuildFile; fileRef = 3572D5FC256BF9EE00A1D9ED /* Assets.xcassets */; };
		3572D600256BF9EE00A1D9ED /* LaunchScreen.storyboard in Resources */ = {isa = PBXBuildFile; fileRef = 3572D5FE256BF9EE00A1D9ED /* LaunchScreen.storyboard */; };
/* End PBXBuildFile section */

/* Begin PBXFileReference section */
		3572D5F0256BF9EC00A1D9ED /* NetworkingHW.app */ = {isa = PBXFileReference; explicitFileType = wrapper.application; includeInIndex = 0; path = NetworkingHW.app; sourceTree = BUILT_PRODUCTS_DIR; };
		3572D5F3256BF9EC00A1D9ED /* AppDelegate.swift */ = {isa = PBXFileReference; lastKnownFileType = sourcecode.swift; path = AppDelegate.swift; sourceTree = "<group>"; };
		3572D5F5256BF9EC00A1D9ED /* SceneDelegate.swift */ = {isa = PBXFileReference; lastKnownFileType = sourcecode.swift; path = SceneDelegate.swift; sourceTree = "<group>"; };
		3572D5F7256BF9EC00A1D9ED /* ViewController.swift */ = {isa = PBXFileReference; lastKnownFileType = sourcecode.swift; path = ViewController.swift; sourceTree = "<group>"; };
		3572D5FA256BF9EC00A1D9ED /* Base */ = {isa = PBXFileReference; lastKnownFileType = file.storyboard; name = Base; path = Base.lproj/Main.storyboard; sourceTree = "<group>"; };
		3572D5FC256BF9EE00A1D9ED /* Assets.xcassets */ = {isa = PBXFileReference; lastKnownFileType = folder.assetcatalog; path = Assets.xcassets; sourceTree = "<group>"; };
		3572D5FF256BF9EE00A1D9ED /* Base */ = {isa = PBXFileReference; lastKnownFileType = file.storyboard; name = Base; path = Base.lproj/LaunchScreen.storyboard; sourceTree = "<group>"; };
		3572D601256BF9EE00A1D9ED /* Info.plist */ = {isa = PBXFileReference; lastKnownFileType = text.plist.xml; path = Info.plist; sourceTree = "<group>"; };
/* End PBXFileReference section */

/* Begin PBXFrameworksBuildPhase section */
		3572D5ED256BF9EC00A1D9ED /* Frameworks */ = {
			isa = PBXFrameworksBuildPhase;
			buildActionMask = 2147483647;
			files = (
			);
			runOnlyForDeploymentPostprocessing = 0;
		};
/* End PBXFrameworksBuildPhase section */

/* Begin PBXGroup section */
		3572D5E7256BF9EC00A1D9ED = {
			isa = PBXGroup;
			children = (
				3572D5F2256BF9EC00A1D9ED /* NetworkingHW */,
				3572D5F1256BF9EC00A1D9ED /* Products */,
			);
			sourceTree = "<group>";
		};
		3572D5F1256BF9EC00A1D9ED /* Products */ = {
			isa = PBXGroup;
			children = (
				3572D5F0256BF9EC00A1D9ED /* NetworkingHW.app */,
			);
			name = Products;
			sourceTree = "<group>";
		};
		3572D5F2256BF9EC00A1D9ED /* NetworkingHW */ = {
			isa = PBXGroup;
			children = (
				3572D5F3256BF9EC00A1D9ED /* AppDelegate.swift */,
				3572D5F5256BF9EC00A1D9ED /* SceneDelegate.swift */,
				3572D5F7256BF9EC00A1D9ED /* ViewController.swift */,
				3572D5F9256BF9EC00A1D9ED /* Main.storyboard */,
				3572D5FC256BF9EE00A1D9ED /* Assets.xcassets */,
				3572D5FE256BF9EE00A1D9ED /* LaunchScreen.storyboard */,
				3572D601256BF9EE00A1D9ED /* Info.plist */,
			);
			path = NetworkingHW;
			sourceTree = "<group>";
		};
/* End PBXGroup section */

/* Begin PBXNativeTarget section */
		3572D5EF256BF9EC00A1D9ED /* NetworkingHW */ = {
			isa = PBXNativeTarget;
			buildConfigurationList = 3572D604256BF9EF00A1D9ED /* Build configuration list for PBXNativeTarget "NetworkingHW" */;
			buildPhases = (
				3572D5EC256BF9EC00A1D9ED /* Sources */,
				3572D5ED256BF9EC00A1D9ED /* Frameworks */,
				3572D5EE256BF9EC00A1D9ED /* Resources */,
			);
			buildRules = (
			);
			dependencies = (
			);
			name = NetworkingHW;
			productName = NetworkingHW;
			productReference = 3572D5F0256BF9EC00A1D9ED /* NetworkingHW.app */;
			productType = "com.apple.product-type.application";
		};
/* End PBXNativeTarget section */

/* Begin PBXProject section */
		3572D5E8256BF9EC00A1D9ED /* Project object */ = {
			isa = PBXProject;
			attributes = {
				LastSwiftUpdateCheck = 1220;
				LastUpgradeCheck = 1220;
				TargetAttributes = {
					3572D5EF256BF9EC00A1D9ED = {
						CreatedOnToolsVersion = 12.2;
					};
				};
			};
			buildConfigurationList = 3572D5EB256BF9EC00A1D9ED /* Build configuration list for PBXProject "NetworkingHW" */;
			compatibilityVersion = "Xcode 9.3";
			developmentRegion = en;
			hasScannedForEncodings = 0;
			knownRegions = (
				en,
				Base,
			);
			mainGroup = 3572D5E7256BF9EC00A1D9ED;
			productRefGroup = 3572D5F1256BF9EC00A1D9ED /* Products */;
			projectDirPath = "";
			projectRoot = "";
			targets = (
				3572D5EF256BF9EC00A1D9ED /* NetworkingHW */,
			);
		};
/* End PBXProject section */

/* Begin PBXResourcesBuildPhase section */
		3572D5EE256BF9EC00A1D9ED /* Resources */ = {
			isa = PBXResourcesBuildPhase;
			buildActionMask = 2147483647;
			files = (
				3572D600256BF9EE00A1D9ED /* LaunchScreen.storyboard in Resources */,
				3572D5FD256BF9EE00A1D9ED /* Assets.xcassets in Resources */,
				3572D5FB256BF9EC00A1D9ED /* Main.storyboard in Resources */,
			);
			runOnlyForDeploymentPostprocessing = 0;
		};
/* End PBXResourcesBuildPhase section */

/* Begin PBXSourcesBuildPhase section */
		3572D5EC256BF9EC00A1D9ED /* Sources */ = {
			isa = PBXSourcesBuildPhase;
			buildActionMask = 2147483647;
			files = (
				3572D5F8256BF9EC00A1D9ED /* ViewController.swift in Sources */,
				3572D5F4256BF9EC00A1D9ED /* AppDelegate.swift in Sources */,
				3572D5F6256BF9EC00A1D9ED /* SceneDelegate.swift in Sources */,
			);
			runOnlyForDeploymentPostprocessing = 0;
		};
/* End PBXSourcesBuildPhase section */

/* Begin PBXVariantGroup section */
		3572D5F9256BF9EC00A1D9ED /* Main.storyboard */ = {
			isa = PBXVariantGroup;
			children = (
				3572D5FA256BF9EC00A1D9ED /* Base */,
			);
			name = Main.storyboard;
			sourceTree = "<group>";
		};
		3572D5FE256BF9EE00A1D9ED /* LaunchScreen.storyboard */ = {
			isa = PBXVariantGroup;
			children = (
				3572D5FF256BF9EE00A1D9ED /* Base */,
			);
			name = LaunchScreen.storyboard;
			sourceTree = "<group>";
		};
/* End PBXVariantGroup section */

/* Begin XCBuildConfiguration section */
		3572D602256BF9EE00A1D9ED /* Debug */ = {
			isa = XCBuildConfiguration;
			buildSettings = {
				ALWAYS_SEARCH_USER_PATHS = NO;
				CLANG_ANALYZER_NONNULL = YES;
				CLANG_ANALYZER_NUMBER_OBJECT_CONVERSION = YES_AGGRESSIVE;
				CLANG_CXX_LANGUAGE_STANDARD = "gnu++14";
				CLANG_CXX_LIBRARY = "libc++";
				CLANG_ENABLE_MODULES = YES;
				CLANG_ENABLE_OBJC_ARC = YES;
				CLANG_ENABLE_OBJC_WEAK = YES;
				CLANG_WARN_BLOCK_CAPTURE_AUTORELEASING = YES;
				CLANG_WARN_BOOL_CONVERSION = YES;
				CLANG_WARN_COMMA = YES;
				CLANG_WARN_CONSTANT_CONVERSION = YES;
				CLANG_WARN_DEPRECATED_OBJC_IMPLEMENTATIONS = YES;
				CLANG_WARN_DIRECT_OBJC_ISA_USAGE = YES_ERROR;
				CLANG_WARN_DOCUMENTATION_COMMENTS = YES;
				CLANG_WARN_EMPTY_BODY = YES;
				CLANG_WARN_ENUM_CONVERSION = YES;
				CLANG_WARN_INFINITE_RECURSION = YES;
				CLANG_WARN_INT_CONVERSION = YES;
				CLANG_WARN_NON_LITERAL_NULL_CONVERSION = YES;
				CLANG_WARN_OBJC_IMPLICIT_RETAIN_SELF = YES;
				CLANG_WARN_OBJC_LITERAL_CONVERSION = YES;
				CLANG_WARN_OBJC_ROOT_CLASS = YES_ERROR;
				CLANG_WARN_QUOTED_INCLUDE_IN_FRAMEWORK_HEADER = YES;
				CLANG_WARN_RANGE_LOOP_ANALYSIS = YES;
				CLANG_WARN_STRICT_PROTOTYPES = YES;
				CLANG_WARN_SUSPICIOUS_MOVE = YES;
				CLANG_WARN_UNGUARDED_AVAILABILITY = YES_AGGRESSIVE;
				CLANG_WARN_UNREACHABLE_CODE = YES;
				CLANG_WARN__DUPLICATE_METHOD_MATCH = YES;
				COPY_PHASE_STRIP = NO;
				DEBUG_INFORMATION_FORMAT = dwarf;
				ENABLE_STRICT_OBJC_MSGSEND = YES;
				ENABLE_TESTABILITY = YES;
				GCC_C_LANGUAGE_STANDARD = gnu11;
				GCC_DYNAMIC_NO_PIC = NO;
				GCC_NO_COMMON_BLOCKS = YES;
				GCC_OPTIMIZATION_LEVEL = 0;
				GCC_PREPROCESSOR_DEFINITIONS = (
					"DEBUG=1",
					"$(inherited)",
				);
				GCC_WARN_64_TO_32_BIT_CONVERSION = YES;
				GCC_WARN_ABOUT_RETURN_TYPE = YES_ERROR;
				GCC_WARN_UNDECLARED_SELECTOR = YES;
				GCC_WARN_UNINITIALIZED_AUTOS = YES_AGGRESSIVE;
				GCC_WARN_UNUSED_FUNCTION = YES;
				GCC_WARN_UNUSED_VARIABLE = YES;
				IPHONEOS_DEPLOYMENT_TARGET = 14.2;
				MTL_ENABLE_DEBUG_INFO = INCLUDE_SOURCE;
				MTL_FAST_MATH = YES;
				ONLY_ACTIVE_ARCH = YES;
				SDKROOT = iphoneos;
				SWIFT_ACTIVE_COMPILATION_CONDITIONS = DEBUG;
				SWIFT_OPTIMIZATION_LEVEL = "-Onone";
			};
			name = Debug;
		};
		3572D603256BF9EE00A1D9ED /* Release */ = {
			isa = XCBuildConfiguration;
			buildSettings = {
				ALWAYS_SEARCH_USER_PATHS = NO;
				CLANG_ANALYZER_NONNULL = YES;
				CLANG_ANALYZER_NUMBER_OBJECT_CONVERSION = YES_AGGRESSIVE;
				CLANG_CXX_LANGUAGE_STANDARD = "gnu++14";
				CLANG_CXX_LIBRARY = "libc++";
				CLANG_ENABLE_MODULES = YES;
				CLANG_ENABLE_OBJC_ARC = YES;
				CLANG_ENABLE_OBJC_WEAK = YES;
				CLANG_WARN_BLOCK_CAPTURE_AUTORELEASING = YES;
				CLANG_WARN_BOOL_CONVERSION = YES;
				CLANG_WARN_COMMA = YES;
				CLANG_WARN_CONSTANT_CONVERSION = YES;
				CLANG_WARN_DEPRECATED_OBJC_IMPLEMENTATIONS = YES;
				CLANG_WARN_DIRECT_OBJC_ISA_USAGE = YES_ERROR;
				CLANG_WARN_DOCUMENTATION_COMMENTS = YES;
				CLANG_WARN_EMPTY_BODY = YES;
				CLANG_WARN_ENUM_CONVERSION = YES;
				CLANG_WARN_INFINITE_RECURSION = YES;
				CLANG_WARN_INT_CONVERSION = YES;
				CLANG_WARN_NON_LITERAL_NULL_CONVERSION = YES;
				CLANG_WARN_OBJC_IMPLICIT_RETAIN_SELF = YES;
				CLANG_WARN_OBJC_LITERAL_CONVERSION = YES;
				CLANG_WARN_OBJC_ROOT_CLASS = YES_ERROR;
				CLANG_WARN_QUOTED_INCLUDE_IN_FRAMEWORK_HEADER = YES;
				CLANG_WARN_RANGE_LOOP_ANALYSIS = YES;
				CLANG_WARN_STRICT_PROTOTYPES = YES;
				CLANG_WARN_SUSPICIOUS_MOVE = YES;
				CLANG_WARN_UNGUARDED_AVAILABILITY = YES_AGGRESSIVE;
				CLANG_WARN_UNREACHABLE_CODE = YES;
				CLANG_WARN__DUPLICATE_METHOD_MATCH = YES;
				COPY_PHASE_STRIP = NO;
				DEBUG_INFORMATION_FORMAT = "dwarf-with-dsym";
				ENABLE_NS_ASSERTIONS = NO;
				ENABLE_STRICT_OBJC_MSGSEND = YES;
				GCC_C_LANGUAGE_STANDARD = gnu11;
				GCC_NO_COMMON_BLOCKS = YES;
				GCC_WARN_64_TO_32_BIT_CONVERSION = YES;
				GCC_WARN_ABOUT_RETURN_TYPE = YES_ERROR;
				GCC_WARN_UNDECLARED_SELECTOR = YES;
				GCC_WARN_UNINITIALIZED_AUTOS = YES_AGGRESSIVE;
				GCC_WARN_UNUSED_FUNCTION = YES;
				GCC_WARN_UNUSED_VARIABLE = YES;
				IPHONEOS_DEPLOYMENT_TARGET = 14.2;
				MTL_ENABLE_DEBUG_INFO = NO;
				MTL_FAST_MATH = YES;
				SDKROOT = iphoneos;
				SWIFT_COMPILATION_MODE = wholemodule;
				SWIFT_OPTIMIZATION_LEVEL = "-O";
				VALIDATE_PRODUCT = YES;
			};
			name = Release;
		};
		3572D605256BF9EF00A1D9ED /* Debug */ = {
			isa = XCBuildConfiguration;
			buildSettings = {
				ASSETCATALOG_COMPILER_APPICON_NAME = AppIcon;
				ASSETCATALOG_COMPILER_GLOBAL_ACCENT_COLOR_NAME = AccentColor;
				CODE_SIGN_STYLE = Automatic;
				DEVELOPMENT_TEAM = A3HU29VV25;
				INFOPLIST_FILE = NetworkingHW/Info.plist;
				LD_RUNPATH_SEARCH_PATHS = (
					"$(inherited)",
					"@executable_path/Frameworks",
				);
				PRODUCT_BUNDLE_IDENTIFIER = secondProject.NetworkingHW;
				PRODUCT_NAME = "$(TARGET_NAME)";
				SWIFT_VERSION = 5.0;
				TARGETED_DEVICE_FAMILY = "1,2";
			};
			name = Debug;
		};
		3572D606256BF9EF00A1D9ED /* Release */ = {
			isa = XCBuildConfiguration;
			buildSettings = {
				ASSETCATALOG_COMPILER_APPICON_NAME = AppIcon;
				ASSETCATALOG_COMPILER_GLOBAL_ACCENT_COLOR_NAME = AccentColor;
				CODE_SIGN_STYLE = Automatic;
				DEVELOPMENT_TEAM = A3HU29VV25;
				INFOPLIST_FILE = NetworkingHW/Info.plist;
				LD_RUNPATH_SEARCH_PATHS = (
					"$(inherited)",
					"@executable_path/Frameworks",
				);
				PRODUCT_BUNDLE_IDENTIFIER = secondProject.NetworkingHW;
				PRODUCT_NAME = "$(TARGET_NAME)";
				SWIFT_VERSION = 5.0;
				TARGETED_DEVICE_FAMILY = "1,2";
			};
			name = Release;
		};
/* End XCBuildConfiguration section */

/* Begin XCConfigurationList section */
		3572D5EB256BF9EC00A1D9ED /* Build configuration list for PBXProject "NetworkingHW" */ = {
			isa = XCConfigurationList;
			buildConfigurations = (
				3572D602256BF9EE00A1D9ED /* Debug */,
				3572D603256BF9EE00A1D9ED /* Release */,
			);
			defaultConfigurationIsVisible = 0;
			defaultConfigurationName = Release;
		};
		3572D604256BF9EF00A1D9ED /* Build configuration list for PBXNativeTarget "NetworkingHW" */ = {
			isa = XCConfigurationList;
			buildConfigurations = (
				3572D605256BF9EF00A1D9ED /* Debug */,
				3572D606256BF9EF00A1D9ED /* Release */,
			);
			defaultConfigurationIsVisible = 0;
			defaultConfigurationName = Release;
		};
/* End XCConfigurationList section */
	};
	rootObject = 3572D5E8256BF9EC00A1D9ED /* Project object */;
}
